
Microsoft Visual Studio Solution File, Format Version 12.00
# Visual Studio 15
VisualStudioVersion = 15.0.27703.2042
MinimumVisualStudioVersion = 10.0.40219.1
Project("{FAE04EC0-301F-11D3-BF4B-00C04F79EFBC}") = "MyApp_cs.Android", "MyApp_cs\MyApp_cs.Android\MyApp_cs.Android.csproj", "{9E49AD55-C46F-42AA-8A5E-E08FD2A2C7B2}"
EndProject
Project("{FAE04EC0-301F-11D3-BF4B-00C04F79EFBC}") = "MyApp_cs.iOS", "MyApp_cs\MyApp_cs.iOS\MyApp_cs.iOS.csproj", "{910EB6EF-4113-4DEC-A0FB-8AC16FBBEAB9}"
EndProject
Project("{D954291E-2A0B-460D-934E-DC6B0785DB48}") = "MyApp_cs", "MyApp_cs\MyApp_cs\MyApp_cs.shproj", "{403847CE-D5C7-4555-9711-397EBE6A2B06}"
EndProject
Global
	GlobalSection(SharedMSBuildProjectFiles) = preSolution
		MyApp_cs\MyApp_cs\MyApp_cs.projitems*{403847ce-d5c7-4555-9711-397ebe6a2b06}*SharedItemsImports = 13
		MyApp_cs\MyApp_cs\MyApp_cs.projitems*{910eb6ef-4113-4dec-a0fb-8ac16fbbeab9}*SharedItemsImports = 4
		MyApp_cs\MyApp_cs\MyApp_cs.projitems*{9e49ad55-c46f-42aa-8a5e-e08fd2a2c7b2}*SharedItemsImports = 4
	EndGlobalSection
	GlobalSection(SolutionConfigurationPlatforms) = preSolution
		Ad-Hoc|Any CPU = Ad-Hoc|Any CPU
		Ad-Hoc|iPhone = Ad-Hoc|iPhone
		Ad-Hoc|iPhoneSimulator = Ad-Hoc|iPhoneSimulator
		AppStore|Any CPU = AppStore|Any CPU
		AppStore|iPhone = AppStore|iPhone
		AppStore|iPhoneSimulator = AppStore|iPhoneSimulator
		Debug|Any CPU = Debug|Any CPU
		Debug|iPhone = Debug|iPhone
		Debug|iPhoneSimulator = Debug|iPhoneSimulator
		Release|Any CPU = Release|Any CPU
		Release|iPhone = Release|iPhone
		Release|iPhoneSimulator = Release|iPhoneSimulator
	EndGlobalSection
	GlobalSection(ProjectConfigurationPlatforms) = postSolution
		{9E49AD55-C46F-42AA-8A5E-E08FD2A2C7B2}.Ad-Hoc|Any CPU.ActiveCfg = Release|Any CPU
		{9E49AD55-C46F-42AA-8A5E-E08FD2A2C7B2}.Ad-Hoc|Any CPU.Build.0 = Release|Any CPU
		{9E49AD55-C46F-42AA-8A5E-E08FD2A2C7B2}.Ad-Hoc|Any CPU.Deploy.0 = Release|Any CPU
		{9E49AD55-C46F-42AA-8A5E-E08FD2A2C7B2}.Ad-Hoc|iPhone.ActiveCfg = Release|Any CPU
		{9E49AD55-C46F-42AA-8A5E-E08FD2A2C7B2}.Ad-Hoc|iPhone.Build.0 = Release|Any CPU
		{9E49AD55-C46F-42AA-8A5E-E08FD2A2C7B2}.Ad-Hoc|iPhone.Deploy.0 = Release|Any CPU
		{9E49AD55-C46F-42AA-8A5E-E08FD2A2C7B2}.Ad-Hoc|iPhoneSimulator.ActiveCfg = Release|Any CPU
		{9E49AD55-C46F-42AA-8A5E-E08FD2A2C7B2}.Ad-Hoc|iPhoneSimulator.Build.0 = Release|Any CPU
		{9E49AD55-C46F-42AA-8A5E-E08FD2A2C7B2}.Ad-Hoc|iPhoneSimulator.Deploy.0 = Release|Any CPU
		{9E49AD55-C46F-42AA-8A5E-E08FD2A2C7B2}.AppStore|Any CPU.ActiveCfg = Release|Any CPU
		{9E49AD55-C46F-42AA-8A5E-E08FD2A2C7B2}.AppStore|Any CPU.Build.0 = Release|Any CPU
		{9E49AD55-C46F-42AA-8A5E-E08FD2A2C7B2}.AppStore|Any CPU.Deploy.0 = Release|Any CPU
		{9E49AD55-C46F-42AA-8A5E-E08FD2A2C7B2}.AppStore|iPhone.ActiveCfg = Release|Any CPU
		{9E49AD55-C46F-42AA-8A5E-E08FD2A2C7B2}.AppStore|iPhone.Build.0 = Release|Any CPU
		{9E49AD55-C46F-42AA-8A5E-E08FD2A2C7B2}.AppStore|iPhone.Deploy.0 = Release|Any CPU
		{9E49AD55-C46F-42AA-8A5E-E08FD2A2C7B2}.AppStore|iPhoneSimulator.ActiveCfg = Release|Any CPU
		{9E49AD55-C46F-42AA-8A5E-E08FD2A2C7B2}.AppStore|iPhoneSimulator.Build.0 = Release|Any CPU
		{9E49AD55-C46F-42AA-8A5E-E08FD2A2C7B2}.AppStore|iPhoneSimulator.Deploy.0 = Release|Any CPU
		{9E49AD55-C46F-42AA-8A5E-E08FD2A2C7B2}.Debug|Any CPU.ActiveCfg = Debug|Any CPU
		{9E49AD55-C46F-42AA-8A5E-E08FD2A2C7B2}.Debug|Any CPU.Build.0 = Debug|Any CPU
		{9E49AD55-C46F-42AA-8A5E-E08FD2A2C7B2}.Debug|Any CPU.Deploy.0 = Debug|Any CPU
		{9E49AD55-C46F-42AA-8A5E-E08FD2A2C7B2}.Debug|iPhone.ActiveCfg = Debug|Any CPU
		{9E49AD55-C46F-42AA-8A5E-E08FD2A2C7B2}.Debug|iPhone.Build.0 = Debug|Any CPU
		{9E49AD55-C46F-42AA-8A5E-E08FD2A2C7B2}.Debug|iPhone.Deploy.0 = Debug|Any CPU
		{9E49AD55-C46F-42AA-8A5E-E08FD2A2C7B2}.Debug|iPhoneSimulator.ActiveCfg = Debug|Any CPU
		{9E49AD55-C46F-42AA-8A5E-E08FD2A2C7B2}.Debug|iPhoneSimulator.Build.0 = Debug|Any CPU
		{9E49AD55-C46F-42AA-8A5E-E08FD2A2C7B2}.Debug|iPhoneSimulator.Deploy.0 = Debug|Any CPU
		{9E49AD55-C46F-42AA-8A5E-E08FD2A2C7B2}.Release|Any CPU.ActiveCfg = Release|Any CPU
		{9E49AD55-C46F-42AA-8A5E-E08FD2A2C7B2}.Release|Any CPU.Build.0 = Release|Any CPU
		{9E49AD55-C46F-42AA-8A5E-E08FD2A2C7B2}.Release|Any CPU.Deploy.0 = Release|Any CPU
		{9E49AD55-C46F-42AA-8A5E-E08FD2A2C7B2}.Release|iPhone.ActiveCfg = Release|Any CPU
		{9E49AD55-C46F-42AA-8A5E-E08FD2A2C7B2}.Release|iPhone.Build.0 = Release|Any CPU
		{9E49AD55-C46F-42AA-8A5E-E08FD2A2C7B2}.Release|iPhone.Deploy.0 = Release|Any CPU
		{9E49AD55-C46F-42AA-8A5E-E08FD2A2C7B2}.Release|iPhoneSimulator.ActiveCfg = Release|Any CPU
		{9E49AD55-C46F-42AA-8A5E-E08FD2A2C7B2}.Release|iPhoneSimulator.Build.0 = Release|Any CPU
		{9E49AD55-C46F-42AA-8A5E-E08FD2A2C7B2}.Release|iPhoneSimulator.Deploy.0 = Release|Any CPU
		{910EB6EF-4113-4DEC-A0FB-8AC16FBBEAB9}.Ad-Hoc|Any CPU.ActiveCfg = Ad-Hoc|iPhone
		{910EB6EF-4113-4DEC-A0FB-8AC16FBBEAB9}.Ad-Hoc|Any CPU.Build.0 = Ad-Hoc|iPhone
		{910EB6EF-4113-4DEC-A0FB-8AC16FBBEAB9}.Ad-Hoc|Any CPU.Deploy.0 = Ad-Hoc|iPhone
		{910EB6EF-4113-4DEC-A0FB-8AC16FBBEAB9}.Ad-Hoc|iPhone.ActiveCfg = Ad-Hoc|iPhone
		{910EB6EF-4113-4DEC-A0FB-8AC16FBBEAB9}.Ad-Hoc|iPhone.Build.0 = Ad-Hoc|iPhone
		{910EB6EF-4113-4DEC-A0FB-8AC16FBBEAB9}.Ad-Hoc|iPhone.Deploy.0 = Ad-Hoc|iPhone
		{910EB6EF-4113-4DEC-A0FB-8AC16FBBEAB9}.Ad-Hoc|iPhoneSimulator.ActiveCfg = Ad-Hoc|iPhoneSimulator
		{910EB6EF-4113-4DEC-A0FB-8AC16FBBEAB9}.Ad-Hoc|iPhoneSimulator.Build.0 = Ad-Hoc|iPhoneSimulator
		{910EB6EF-4113-4DEC-A0FB-8AC16FBBEAB9}.Ad-Hoc|iPhoneSimulator.Deploy.0 = Ad-Hoc|iPhoneSimulator
		{910EB6EF-4113-4DEC-A0FB-8AC16FBBEAB9}.AppStore|Any CPU.ActiveCfg = AppStore|iPhone
		{910EB6EF-4113-4DEC-A0FB-8AC16FBBEAB9}.AppStore|Any CPU.Build.0 = AppStore|iPhone
		{910EB6EF-4113-4DEC-A0FB-8AC16FBBEAB9}.AppStore|Any CPU.Deploy.0 = AppStore|iPhone
		{910EB6EF-4113-4DEC-A0FB-8AC16FBBEAB9}.AppStore|iPhone.ActiveCfg = AppStore|iPhone
		{910EB6EF-4113-4DEC-A0FB-8AC16FBBEAB9}.AppStore|iPhone.Build.0 = AppStore|iPhone
		{910EB6EF-4113-4DEC-A0FB-8AC16FBBEAB9}.AppStore|iPhone.Deploy.0 = AppStore|iPhone
		{910EB6EF-4113-4DEC-A0FB-8AC16FBBEAB9}.AppStore|iPhoneSimulator.ActiveCfg = AppStore|iPhoneSimulator
		{910EB6EF-4113-4DEC-A0FB-8AC16FBBEAB9}.AppStore|iPhoneSimulator.Build.0 = AppStore|iPhoneSimulator
		{910EB6EF-4113-4DEC-A0FB-8AC16FBBEAB9}.AppStore|iPhoneSimulator.Deploy.0 = AppStore|iPhoneSimulator
		{910EB6EF-4113-4DEC-A0FB-8AC16FBBEAB9}.Debug|Any CPU.ActiveCfg = Debug|iPhoneSimulator
		{910EB6EF-4113-4DEC-A0FB-8AC16FBBEAB9}.Debug|Any CPU.Build.0 = Debug|iPhoneSimulator
		{910EB6EF-4113-4DEC-A0FB-8AC16FBBEAB9}.Debug|Any CPU.Deploy.0 = Debug|iPhoneSimulator
		{910EB6EF-4113-4DEC-A0FB-8AC16FBBEAB9}.Debug|iPhone.ActiveCfg = Debug|iPhone
		{910EB6EF-4113-4DEC-A0FB-8AC16FBBEAB9}.Debug|iPhone.Build.0 = Debug|iPhone
		{910EB6EF-4113-4DEC-A0FB-8AC16FBBEAB9}.Debug|iPhone.Deploy.0 = Debug|iPhone
		{910EB6EF-4113-4DEC-A0FB-8AC16FBBEAB9}.Debug|iPhoneSimulator.ActiveCfg = Debug|iPhoneSimulator
		{910EB6EF-4113-4DEC-A0FB-8AC16FBBEAB9}.Debug|iPhoneSimulator.Build.0 = Debug|iPhoneSimulator
		{910EB6EF-4113-4DEC-A0FB-8AC16FBBEAB9}.Debug|iPhoneSimulator.Deploy.0 = Debug|iPhoneSimulator
		{910EB6EF-4113-4DEC-A0FB-8AC16FBBEAB9}.Release|Any CPU.ActiveCfg = Release|iPhone
		{910EB6EF-4113-4DEC-A0FB-8AC16FBBEAB9}.Release|Any CPU.Build.0 = Release|iPhone
		{910EB6EF-4113-4DEC-A0FB-8AC16FBBEAB9}.Release|Any CPU.Deploy.0 = Release|iPhone
		{910EB6EF-4113-4DEC-A0FB-8AC16FBBEAB9}.Release|iPhone.ActiveCfg = Release|iPhone
		{910EB6EF-4113-4DEC-A0FB-8AC16FBBEAB9}.Release|iPhone.Build.0 = Release|iPhone
		{910EB6EF-4113-4DEC-A0FB-8AC16FBBEAB9}.Release|iPhone.Deploy.0 = Release|iPhone
		{910EB6EF-4113-4DEC-A0FB-8AC16FBBEAB9}.Release|iPhoneSimulator.ActiveCfg = Release|iPhoneSimulator
		{910EB6EF-4113-4DEC-A0FB-8AC16FBBEAB9}.Release|iPhoneSimulator.Build.0 = Release|iPhoneSimulator
		{910EB6EF-4113-4DEC-A0FB-8AC16FBBEAB9}.Release|iPhoneSimulator.Deploy.0 = Release|iPhoneSimulator
	EndGlobalSection
	GlobalSection(SolutionProperties) = preSolution
		HideSolutionNode = FALSE
	EndGlobalSection
	GlobalSection(ExtensibilityGlobals) = postSolution
		SolutionGuid = {2A2D654C-090F-4E31-9432-8B0474E0ABD8}
	EndGlobalSection
EndGlobal
